
Microsoft Visual Studio Solution File, Format Version 12.00
# Visual Studio Version 17
VisualStudioVersion = 17.9.34607.119
MinimumVisualStudioVersion = 10.0.40219.1
Project("{9A19103F-16F7-4668-BE54-9A1E7A4F7556}") = "TaskAPI", "TaskAPI\TaskAPI.csproj", "{1D1DA826-861D-42E0-BF31-89253E0BDB8E}"
EndProject
Project("{FAE04EC0-301F-11D3-BF4B-00C04F79EFBC}") = "TaskAPI.Models", "TaskAPI.Models\TaskAPI.Models.csproj", "{8DB4D155-6760-4A7D-B6F8-0C70216B18AF}"
EndProject
Project("{FAE04EC0-301F-11D3-BF4B-00C04F79EFBC}") = "TaskAPI.Service", "TaskAPI.Service\TaskAPI.Service.csproj", "{5043DD4D-4576-4AB2-9D2F-69202E739A1C}"
EndProject
Global
	GlobalSection(SolutionConfigurationPlatforms) = preSolution
		Debug|Any CPU = Debug|Any CPU
		Release|Any CPU = Release|Any CPU
	EndGlobalSection
	GlobalSection(ProjectConfigurationPlatforms) = postSolution
		{1D1DA826-861D-42E0-BF31-89253E0BDB8E}.Debug|Any CPU.ActiveCfg = Debug|Any CPU
		{1D1DA826-861D-42E0-BF31-89253E0BDB8E}.Debug|Any CPU.Build.0 = Debug|Any CPU
		{1D1DA826-861D-42E0-BF31-89253E0BDB8E}.Release|Any CPU.ActiveCfg = Release|Any CPU
		{1D1DA826-861D-42E0-BF31-89253E0BDB8E}.Release|Any CPU.Build.0 = Release|Any CPU
		{8DB4D155-6760-4A7D-B6F8-0C70216B18AF}.Debug|Any CPU.ActiveCfg = Debug|Any CPU
		{8DB4D155-6760-4A7D-B6F8-0C70216B18AF}.Debug|Any CPU.Build.0 = Debug|Any CPU
		{8DB4D155-6760-4A7D-B6F8-0C70216B18AF}.Release|Any CPU.ActiveCfg = Release|Any CPU
		{8DB4D155-6760-4A7D-B6F8-0C70216B18AF}.Release|Any CPU.Build.0 = Release|Any CPU
		{5043DD4D-4576-4AB2-9D2F-69202E739A1C}.Debug|Any CPU.ActiveCfg = Debug|Any CPU
		{5043DD4D-4576-4AB2-9D2F-69202E739A1C}.Debug|Any CPU.Build.0 = Debug|Any CPU
		{5043DD4D-4576-4AB2-9D2F-69202E739A1C}.Release|Any CPU.ActiveCfg = Release|Any CPU
		{5043DD4D-4576-4AB2-9D2F-69202E739A1C}.Release|Any CPU.Build.0 = Release|Any CPU
	EndGlobalSection
	GlobalSection(SolutionProperties) = preSolution
		HideSolutionNode = FALSE
	EndGlobalSection
	GlobalSection(ExtensibilityGlobals) = postSolution
		SolutionGuid = {188C72E8-0242-4EE1-AAC9-DB5B4FBA46F9}
	EndGlobalSection
EndGlobal
